
Microsoft Visual Studio Solution File, Format Version 12.00
# Visual Studio Version 17
VisualStudioVersion = 17.7.34031.279
MinimumVisualStudioVersion = 10.0.40219.1
Project("{FAE04EC0-301F-11D3-BF4B-00C04F79EFBC}") = "Sombras.Android", "Sombras.Android\Sombras.Android.csproj", "{DCB02B7D-AA64-4D08-BBA1-4285DA34D395}"
EndProject
Project("{FAE04EC0-301F-11D3-BF4B-00C04F79EFBC}") = "Sombras.iOS", "Sombras.iOS\Sombras.iOS.csproj", "{20D5BD6C-FC0F-422A-BB18-E698D8E5AD37}"
EndProject
Project("{FAE04EC0-301F-11D3-BF4B-00C04F79EFBC}") = "Sombras", "Sombras\Sombras.csproj", "{ABDDE3ED-92BE-4EEB-922D-ABD1E139C650}"
EndProject
Global
	GlobalSection(SolutionConfigurationPlatforms) = preSolution
		Debug|Any CPU = Debug|Any CPU
		Debug|iPhone = Debug|iPhone
		Debug|iPhoneSimulator = Debug|iPhoneSimulator
		Release|Any CPU = Release|Any CPU
		Release|iPhone = Release|iPhone
		Release|iPhoneSimulator = Release|iPhoneSimulator
	EndGlobalSection
	GlobalSection(ProjectConfigurationPlatforms) = postSolution
		{DCB02B7D-AA64-4D08-BBA1-4285DA34D395}.Debug|Any CPU.ActiveCfg = Debug|Any CPU
		{DCB02B7D-AA64-4D08-BBA1-4285DA34D395}.Debug|Any CPU.Build.0 = Debug|Any CPU
		{DCB02B7D-AA64-4D08-BBA1-4285DA34D395}.Debug|Any CPU.Deploy.0 = Debug|Any CPU
		{DCB02B7D-AA64-4D08-BBA1-4285DA34D395}.Debug|iPhone.ActiveCfg = Debug|Any CPU
		{DCB02B7D-AA64-4D08-BBA1-4285DA34D395}.Debug|iPhone.Build.0 = Debug|Any CPU
		{DCB02B7D-AA64-4D08-BBA1-4285DA34D395}.Debug|iPhone.Deploy.0 = Debug|Any CPU
		{DCB02B7D-AA64-4D08-BBA1-4285DA34D395}.Debug|iPhoneSimulator.ActiveCfg = Debug|Any CPU
		{DCB02B7D-AA64-4D08-BBA1-4285DA34D395}.Debug|iPhoneSimulator.Build.0 = Debug|Any CPU
		{DCB02B7D-AA64-4D08-BBA1-4285DA34D395}.Debug|iPhoneSimulator.Deploy.0 = Debug|Any CPU
		{DCB02B7D-AA64-4D08-BBA1-4285DA34D395}.Release|Any CPU.ActiveCfg = Release|Any CPU
		{DCB02B7D-AA64-4D08-BBA1-4285DA34D395}.Release|Any CPU.Build.0 = Release|Any CPU
		{DCB02B7D-AA64-4D08-BBA1-4285DA34D395}.Release|Any CPU.Deploy.0 = Release|Any CPU
		{DCB02B7D-AA64-4D08-BBA1-4285DA34D395}.Release|iPhone.ActiveCfg = Release|Any CPU
		{DCB02B7D-AA64-4D08-BBA1-4285DA34D395}.Release|iPhone.Build.0 = Release|Any CPU
		{DCB02B7D-AA64-4D08-BBA1-4285DA34D395}.Release|iPhone.Deploy.0 = Release|Any CPU
		{DCB02B7D-AA64-4D08-BBA1-4285DA34D395}.Release|iPhoneSimulator.ActiveCfg = Release|Any CPU
		{DCB02B7D-AA64-4D08-BBA1-4285DA34D395}.Release|iPhoneSimulator.Build.0 = Release|Any CPU
		{DCB02B7D-AA64-4D08-BBA1-4285DA34D395}.Release|iPhoneSimulator.Deploy.0 = Release|Any CPU
		{20D5BD6C-FC0F-422A-BB18-E698D8E5AD37}.Debug|Any CPU.ActiveCfg = Debug|iPhone
		{20D5BD6C-FC0F-422A-BB18-E698D8E5AD37}.Debug|Any CPU.Build.0 = Debug|iPhone
		{20D5BD6C-FC0F-422A-BB18-E698D8E5AD37}.Debug|Any CPU.Deploy.0 = Debug|iPhone
		{20D5BD6C-FC0F-422A-BB18-E698D8E5AD37}.Debug|iPhone.ActiveCfg = Debug|iPhone
		{20D5BD6C-FC0F-422A-BB18-E698D8E5AD37}.Debug|iPhone.Build.0 = Debug|iPhone
		{20D5BD6C-FC0F-422A-BB18-E698D8E5AD37}.Debug|iPhone.Deploy.0 = Debug|iPhone
		{20D5BD6C-FC0F-422A-BB18-E698D8E5AD37}.Debug|iPhoneSimulator.ActiveCfg = Debug|iPhoneSimulator
		{20D5BD6C-FC0F-422A-BB18-E698D8E5AD37}.Debug|iPhoneSimulator.Build.0 = Debug|iPhoneSimulator
		{20D5BD6C-FC0F-422A-BB18-E698D8E5AD37}.Debug|iPhoneSimulator.Deploy.0 = Debug|iPhoneSimulator
		{20D5BD6C-FC0F-422A-BB18-E698D8E5AD37}.Release|Any CPU.ActiveCfg = Release|iPhoneSimulator
		{20D5BD6C-FC0F-422A-BB18-E698D8E5AD37}.Release|Any CPU.Build.0 = Release|iPhoneSimulator
		{20D5BD6C-FC0F-422A-BB18-E698D8E5AD37}.Release|Any CPU.Deploy.0 = Release|iPhoneSimulator
		{20D5BD6C-FC0F-422A-BB18-E698D8E5AD37}.Release|iPhone.ActiveCfg = Release|iPhone
		{20D5BD6C-FC0F-422A-BB18-E698D8E5AD37}.Release|iPhone.Build.0 = Release|iPhone
		{20D5BD6C-FC0F-422A-BB18-E698D8E5AD37}.Release|iPhone.Deploy.0 = Release|iPhone
		{20D5BD6C-FC0F-422A-BB18-E698D8E5AD37}.Release|iPhoneSimulator.ActiveCfg = Release|iPhoneSimulator
		{20D5BD6C-FC0F-422A-BB18-E698D8E5AD37}.Release|iPhoneSimulator.Build.0 = Release|iPhoneSimulator
		{20D5BD6C-FC0F-422A-BB18-E698D8E5AD37}.Release|iPhoneSimulator.Deploy.0 = Release|iPhoneSimulator
		{ABDDE3ED-92BE-4EEB-922D-ABD1E139C650}.Debug|Any CPU.ActiveCfg = Debug|Any CPU
		{ABDDE3ED-92BE-4EEB-922D-ABD1E139C650}.Debug|Any CPU.Build.0 = Debug|Any CPU
		{ABDDE3ED-92BE-4EEB-922D-ABD1E139C650}.Debug|Any CPU.Deploy.0 = Debug|Any CPU
		{ABDDE3ED-92BE-4EEB-922D-ABD1E139C650}.Debug|iPhone.ActiveCfg = Debug|Any CPU
		{ABDDE3ED-92BE-4EEB-922D-ABD1E139C650}.Debug|iPhone.Build.0 = Debug|Any CPU
		{ABDDE3ED-92BE-4EEB-922D-ABD1E139C650}.Debug|iPhone.Deploy.0 = Debug|Any CPU
		{ABDDE3ED-92BE-4EEB-922D-ABD1E139C650}.Debug|iPhoneSimulator.ActiveCfg = Debug|Any CPU
		{ABDDE3ED-92BE-4EEB-922D-ABD1E139C650}.Debug|iPhoneSimulator.Build.0 = Debug|Any CPU
		{ABDDE3ED-92BE-4EEB-922D-ABD1E139C650}.Debug|iPhoneSimulator.Deploy.0 = Debug|Any CPU
		{ABDDE3ED-92BE-4EEB-922D-ABD1E139C650}.Release|Any CPU.ActiveCfg = Release|Any CPU
		{ABDDE3ED-92BE-4EEB-922D-ABD1E139C650}.Release|Any CPU.Build.0 = Release|Any CPU
		{ABDDE3ED-92BE-4EEB-922D-ABD1E139C650}.Release|Any CPU.Deploy.0 = Release|Any CPU
		{ABDDE3ED-92BE-4EEB-922D-ABD1E139C650}.Release|iPhone.ActiveCfg = Release|Any CPU
		{ABDDE3ED-92BE-4EEB-922D-ABD1E139C650}.Release|iPhone.Build.0 = Release|Any CPU
		{ABDDE3ED-92BE-4EEB-922D-ABD1E139C650}.Release|iPhone.Deploy.0 = Release|Any CPU
		{ABDDE3ED-92BE-4EEB-922D-ABD1E139C650}.Release|iPhoneSimulator.ActiveCfg = Release|Any CPU
		{ABDDE3ED-92BE-4EEB-922D-ABD1E139C650}.Release|iPhoneSimulator.Build.0 = Release|Any CPU
		{ABDDE3ED-92BE-4EEB-922D-ABD1E139C650}.Release|iPhoneSimulator.Deploy.0 = Release|Any CPU
	EndGlobalSection
	GlobalSection(SolutionProperties) = preSolution
		HideSolutionNode = FALSE
	EndGlobalSection
	GlobalSection(ExtensibilityGlobals) = postSolution
		SolutionGuid = {BE953216-4CF0-4D86-8B73-9B17C796EAB4}
	EndGlobalSection
EndGlobal
